# This file is generated by running "yarn install" inside your project.
# Manual changes might be lost - proceed with caution!

__metadata:
  version: 4

"ansi-styles@npm:^3.2.1":
  version: 3.2.1
  resolution: "ansi-styles@npm:3.2.1"
  dependencies:
    color-convert: ^1.9.0
  checksum: 6f99bc6ac278aa5c51543d30aeaeab2b6c3de468d1a23504c1e818283680d0f310bb49a59162bc1b0b81e9b5f2dfa60326791a02b82e5d7cf6803e5b922ea142
  languageName: node
  linkType: hard

"balanced-match@npm:^1.0.0":
  version: 1.0.0
  resolution: "balanced-match@npm:1.0.0"
  checksum: 6a1a4021cc9cb35182852582ed42470041430842bbc9d3dfad9536fca203281e4bc6316a017a0b876df0acb8d0d83daa22d5c6483108869c0895582525af9f60
  languageName: node
  linkType: hard

"brace-expansion@npm:^1.1.7":
  version: 1.1.11
  resolution: "brace-expansion@npm:1.1.11"
  dependencies:
    balanced-match: ^1.0.0
    concat-map: 0.0.1
  checksum: 6bf044764309bad6d15c6eabc39e93701643b00192439251afe8b4e0c08f941b840f3c8844b163fc307111459121712fb74e40073ddffb0358f8a640f14ba7b1
  languageName: node
  linkType: hard

"chalk@npm:^2.4.1":
  version: 2.4.2
  resolution: "chalk@npm:2.4.2"
  dependencies:
    ansi-styles: ^3.2.1
    escape-string-regexp: ^1.0.5
    supports-color: ^5.3.0
  checksum: 06d1d94779a0e08fe03ef15676ae30e973d7269017d3b1e6d06a3bb81e70a3a6b0c26d5743e94b4dfc21a852884306759b8b8c4fe98d72204ed678413beb21f3
  languageName: node
  linkType: hard

"color-convert@npm:^1.9.0":
  version: 1.9.3
  resolution: "color-convert@npm:1.9.3"
  dependencies:
    color-name: 1.1.3
  checksum: 3162a5f034dea55c0ebb3a152e1b8cdf926a9bbada4f6c5eefd7b750810edc019dade72285f669d738cfb07375e17ba2171d22475ab85652b8b7dcf1cf0cc6f1
  languageName: node
  linkType: hard

"color-name@npm:1.1.3":
  version: 1.1.3
  resolution: "color-name@npm:1.1.3"
  checksum: ad6a0e4beb3232906aeba6213234071ca26f463ac748feb897725cbd0f420a0e71962f9627566afc4716e63455f88a35641342302b8d130402cbbea8f6bf8e1e
  languageName: node
  linkType: hard

"concat-map@npm:0.0.1":
  version: 0.0.1
  resolution: "concat-map@npm:0.0.1"
  checksum: b295d07d6ac4f0e3fe511fce7ac74c5f6583e67bace249c32c6b2baa44b2c6220c7c177c9e44954485f37b7e7ec6a6a231447b62137d0fb56b44a7e871ac33e3
  languageName: node
  linkType: hard

"cross-spawn@npm:^6.0.5":
  version: 6.0.5
  resolution: "cross-spawn@npm:6.0.5"
  dependencies:
    nice-try: ^1.0.4
    path-key: ^2.0.1
    semver: ^5.5.0
    shebang-command: ^1.2.0
    which: ^1.2.9
  checksum: 5103fd3ec3c3d914d78190d1b7021bcca3f66d1c35008f67a696884a7d8c74a415158110436610abaae044d7351ecf8d71bb66872e88bbd80525b013b5b44256
  languageName: node
  linkType: hard

"define-properties@npm:^1.1.2, define-properties@npm:^1.1.3":
  version: 1.1.3
  resolution: "define-properties@npm:1.1.3"
  dependencies:
    object-keys: ^1.0.12
  checksum: 8ea9a3d1d6f9b5ec39f3acdf52c1f406cee2e15630b374daef2b44e67296cbf383481abc30beefa6cccde585ee5c41aa6d80c5c4556e90ffce95bea76f51857e
  languageName: node
  linkType: hard

"error-ex@npm:^1.3.1":
  version: 1.3.2
  resolution: "error-ex@npm:1.3.2"
  dependencies:
    is-arrayish: ^0.2.1
  checksum: 5bd07df02c20deee8adf70e535f3e95ff5ce8da2af3fce68a7e9f4a2fc0ad7610112a4f4bf012a4b5edd18c008f59a7acceeca1f7a47ac6ab7fef376a0f05d1d
  languageName: node
  linkType: hard

"es-abstract@npm:^1.17.0-next.1, es-abstract@npm:^1.17.5":
  version: 1.17.5
  resolution: "es-abstract@npm:1.17.5"
  dependencies:
    es-to-primitive: ^1.2.1
    function-bind: ^1.1.1
    has: ^1.0.3
    has-symbols: ^1.0.1
    is-callable: ^1.1.5
    is-regex: ^1.0.5
    object-inspect: ^1.7.0
    object-keys: ^1.1.1
    object.assign: ^4.1.0
    string.prototype.trimleft: ^2.1.1
    string.prototype.trimright: ^2.1.1
  checksum: b388bccb68877d1a00be85f32940036ce9d1fda161d9f326b8c37fbe9bfb5077805583a11e862c9a64a3849a2b33dbbda43b33dd476796decec121aaae9a6275
  languageName: node
  linkType: hard

"es-to-primitive@npm:^1.2.1":
  version: 1.2.1
  resolution: "es-to-primitive@npm:1.2.1"
  dependencies:
    is-callable: ^1.1.4
    is-date-object: ^1.0.1
    is-symbol: ^1.0.2
  checksum: 8c38fb003ba9ce399f4a782505a49fdcf16182c03b8809ae57d0ef983ed8cf2713473af869e747cd4375ccacbad8790a49cbb3b372631d28a3b5bbc617f0685e
  languageName: node
  linkType: hard

"escape-string-regexp@npm:^1.0.5":
  version: 1.0.5
  resolution: "escape-string-regexp@npm:1.0.5"
  checksum: 31da9adff9694f7b63c0542462267656e1d4dcac66a91551781d1ad2554d6641685ff812acc717cd467676af57be458a466d34b086e900354b38dde8724c8046
  languageName: node
  linkType: hard

"function-bind@npm:^1.1.1":
  version: 1.1.1
  resolution: "function-bind@npm:1.1.1"
  checksum: 6ed0e3f90e8eab9d2a32f526fddd51020a23ad48d6c3806583b0c6e9dd97fbd0736a11bc0d75ee59e32979f149b3ac3c7a8608540968ed3f87d7ef8799c54602
  languageName: node
  linkType: hard

"graceful-fs@npm:^4.1.2":
  version: 4.2.4
  resolution: "graceful-fs@npm:4.2.4"
  checksum: f4baf3409002e6f36f7047a0a72c08464ec87be67075873290a40d654e3a9e370d368293458704c3916ca792ac0ff5d4311fd05116d4e88bfb23e4258904d676
  languageName: node
  linkType: hard

"has-flag@npm:^3.0.0":
  version: 3.0.0
  resolution: "has-flag@npm:3.0.0"
  checksum: c69624d2a38d77d4d715b40932cd55635426d75c7c0e72a609a67b4d251905517ca6d1ff6f69ee3b0cfa95a39b31e25af9e3fe04f46b092699ea5f26371d14ab
  languageName: node
  linkType: hard

"has-symbols@npm:^1.0.0, has-symbols@npm:^1.0.1":
  version: 1.0.1
  resolution: "has-symbols@npm:1.0.1"
  checksum: 8fa777f894ebe7b0905db719cc56a021b489e3f628cc7270601b06b2a28315646478e0a8ad2225990cf3c46793f6417f5c3f43a807ead104978bf8308cf5b282
  languageName: node
  linkType: hard

"has@npm:^1.0.3":
  version: 1.0.3
  resolution: "has@npm:1.0.3"
  dependencies:
    function-bind: ^1.1.1
  checksum: 88e52bdec13edd789d27e483cb710f2b11b18f7c03c9f5431d2cef49d8a4f499e182f00fc95e3fc240ea63e89805fac1d6e04a8270e83c14d6ef4ef7b5dd1f78
  languageName: node
  linkType: hard

"hosted-git-info@npm:^2.1.4":
  version: 2.8.8
  resolution: "hosted-git-info@npm:2.8.8"
  checksum: 24cb57ea2078ba8fea7f5aa7ef942c6468feb4b734675adba53b112fa59a606552e0880a2203555b0f08b3d6ab9e544335ad309a95774baedf6acacec2ed46b1
  languageName: node
  linkType: hard

"is-arrayish@npm:^0.2.1":
  version: 0.2.1
  resolution: "is-arrayish@npm:0.2.1"
  checksum: 6a48ba019c21e4f305a8cfb28e898e6908bd97f8868f1529214df1d2c6db2d462df7497e514094c9d90ab04492b675b8e04d63e26b43624cf07bd54ba20fbc34
  languageName: node
  linkType: hard

"is-callable@npm:^1.1.4, is-callable@npm:^1.1.5":
  version: 1.1.5
  resolution: "is-callable@npm:1.1.5"
  checksum: 6abf0fa6cce421e36d4c2a14d785a012dcc2a12a4234958efa99cb01f534bb9b3a28a22c061ec4ed3024e4c79a611cf2c0cd25420a3f07bb31cf4406a864b34b
  languageName: node
  linkType: hard

"is-date-object@npm:^1.0.1":
  version: 1.0.2
  resolution: "is-date-object@npm:1.0.2"
  checksum: 9b4bbf590abc831cc3486fe11fa1eeaf47ab8cbd678cd5991a42dc66f6e1721c8d2f8a4dd718d05132df3db9716564d331f629624f78309409949f58da84dc88
  languageName: node
  linkType: hard

"is-regex@npm:^1.0.5":
  version: 1.0.5
  resolution: "is-regex@npm:1.0.5"
  dependencies:
    has: ^1.0.3
  checksum: 35a87c521c846fde740ec7c1910b75ad1f1e13db4381cc18373c556f909efba44e23a3cb70b760002eeecc7fc060e37fbf659598852807f82531fdc28a065cd9
  languageName: node
  linkType: hard

"is-symbol@npm:^1.0.2":
  version: 1.0.3
  resolution: "is-symbol@npm:1.0.3"
  dependencies:
    has-symbols: ^1.0.1
  checksum: c165674fedb1355951abb5ddc24b75185871f40f113ea57cbb8e8568eafbdf056338675c029dfc32d1db19e36084195ed8931f1a3ad944b5c732ef9e88bf1d43
  languageName: node
  linkType: hard

"isexe@npm:^2.0.0":
  version: 2.0.0
  resolution: "isexe@npm:2.0.0"
  checksum: 1f6f7ccf6206a544097e27f04018fbd4fdb45d71eadac305d4b60cc18668d35c970d3c0bfadc4b348dd603d5536496a5634dd5f64792ea5e745c62cbc0ce9730
  languageName: node
  linkType: hard

"json-parse-better-errors@npm:^1.0.1":
  version: 1.0.2
  resolution: "json-parse-better-errors@npm:1.0.2"
  checksum: 7f5a35dfe844b8b5a4fb03e6c1838e6678d6b2c30e65746d73ca4c58ed7d3a9e3a77b83be7c6df56193606a654eb5b6e808ea594ee62a2db3985ef1a89aee7e3
  languageName: node
  linkType: hard

"load-json-file@npm:^4.0.0":
  version: 4.0.0
  resolution: "load-json-file@npm:4.0.0"
  dependencies:
    graceful-fs: ^4.1.2
    parse-json: ^4.0.0
    pify: ^3.0.0
    strip-bom: ^3.0.0
  checksum: 8bd8362913ca53284a050d7a015f4e294eba8e979a693b9709ef63b1baa69b8bce1453c0eeef05bf44ae3eed165dc6311852a168e5032a9d0ca71bec611847cf
  languageName: node
  linkType: hard

"memorystream@npm:^0.3.1":
  version: 0.3.1
  resolution: "memorystream@npm:0.3.1"
  checksum: 2c721d36e4a48569e7a3f8febf5c8c03ebb5713524aa3befbb96b0e2c6d0d045547fdfe30960c78bfdafee8e29ead58ec2fca687e18eacf8ce3cdf16b22c5705
  languageName: node
  linkType: hard

"minimatch@npm:^3.0.4":
  version: 3.0.4
  resolution: "minimatch@npm:3.0.4"
  dependencies:
    brace-expansion: ^1.1.7
  checksum: c32249a40b1dbbb8d836495877d91874fcf6ce9c287409c41bcb3efe5ad67e21512a459a4ae3ce9b32e1df376c1cde14cbe9fe3ba17f703c2b253993577f4ccf
  languageName: node
  linkType: hard

"nice-try@npm:^1.0.4":
  version: 1.0.5
  resolution: "nice-try@npm:1.0.5"
  checksum: 67ed974ae082d8efabbd1e4c0b052bb651efd43db7efba36ef2f32699bafae51bfd5f7bab8ae2ba528f060943e902fb42d5b9c68b8ea0e432246beac8ea2360c
  languageName: node
  linkType: hard

"normalize-package-data@npm:^2.3.2":
  version: 2.5.0
  resolution: "normalize-package-data@npm:2.5.0"
  dependencies:
    hosted-git-info: ^2.1.4
    resolve: ^1.10.0
    semver: 2 || 3 || 4 || 5
    validate-npm-package-license: ^3.0.1
  checksum: 51e54f313d168408a5fdeaace788dfb7bad97ef0fca07af0eb27f0b66076642db6606790c1c79a1a9af59390a368198f4a265fa6bfdadab7c1fc085705c285bd
  languageName: node
  linkType: hard

"npm-run-all@npm:^4.1.5":
  version: 4.1.5
  resolution: "npm-run-all@npm:4.1.5"
  dependencies:
    ansi-styles: ^3.2.1
    chalk: ^2.4.1
    cross-spawn: ^6.0.5
    memorystream: ^0.3.1
    minimatch: ^3.0.4
    pidtree: ^0.3.0
    read-pkg: ^3.0.0
    shell-quote: ^1.6.1
    string.prototype.padend: ^3.0.0
  bin:
    npm-run-all: bin/npm-run-all/index.js
    run-p: bin/run-p/index.js
    run-s: bin/run-s/index.js
  checksum: 7146e9ffc72f45d20546cb2e1555021604c36a9a892dcf05e7ae6966ff0e934805d98f677b3abb7172ad256585889b38730c6d383ede9ce2f83e2a46878eec23
  languageName: node
  linkType: hard

"object-inspect@npm:^1.7.0":
  version: 1.7.0
  resolution: "object-inspect@npm:1.7.0"
  checksum: 9d1e61f50ad171799d35c5ee2a904f65a0728de0f8b67e0313d2fce2ca9dfb0c9017063fa491ce6404b1b9f87695967e956518c06dfe929d1a25e478339b8a0f
  languageName: node
  linkType: hard

"object-keys@npm:^1.0.11, object-keys@npm:^1.0.12, object-keys@npm:^1.1.1":
  version: 1.1.1
  resolution: "object-keys@npm:1.1.1"
  checksum: 520e29aea8cde1e8862359e09831f21de4cdb8ad85d3c4a3223b258bf600b0b058d9b6635ffa51d91afec2f1cf51c62dd6eed6deb52b9d332f88c98e864d3845
  languageName: node
  linkType: hard

"object.assign@npm:^4.1.0":
  version: 4.1.0
  resolution: "object.assign@npm:4.1.0"
  dependencies:
    define-properties: ^1.1.2
    function-bind: ^1.1.1
    has-symbols: ^1.0.0
    object-keys: ^1.0.11
  checksum: 4d9f508c190f32772b3527918e000d401ca1e7b70dbfe697bd3820c1f181f582ea8c8419bb492e692c5ad39ae4b648e1172fa35f57ece7d869bee3a8b7983f23
  languageName: node
  linkType: hard

"parse-json@npm:^4.0.0":
  version: 4.0.0
  resolution: "parse-json@npm:4.0.0"
  dependencies:
    error-ex: ^1.3.1
    json-parse-better-errors: ^1.0.1
  checksum: 1d9795dcb2a839e5ee3c7a0d3f609c939109080027c7d403f7f2e6c2cfc7276035a1b297d8f0ca7a4aae25bb4094e567a0a96e8ae5f5e7c1f7f38d7a4d030d5f
  languageName: node
  linkType: hard

"path-key@npm:^2.0.1":
  version: 2.0.1
  resolution: "path-key@npm:2.0.1"
  checksum: c89ee103cdc74ba8a5772cb56e9f1346cc7eae0789c4f9cb01ba5e6d501c2642900538e444ba26284a3a52fc01b9f1d70c7270d638c3cf37c25958ebf860be4e
  languageName: node
  linkType: hard

"path-parse@npm:^1.0.6":
  version: 1.0.6
  resolution: "path-parse@npm:1.0.6"
  checksum: 02894a9a2dd29ba61ce0f79c0cbb230869d16e3129eea46ee1195d6bed370806f254a51f494ad51d5bab4e494ea0a9040819923bec3be586b1f9004a70c65a3a
  languageName: node
  linkType: hard

"path-type@npm:^3.0.0":
  version: 3.0.0
  resolution: "path-type@npm:3.0.0"
  dependencies:
    pify: ^3.0.0
  checksum: d167c88ab4b3ef92d2d05e01e24e4d40f6a9fc77ffd4fb0d5e1f86c69cee232afe31b4e2153b9111b2d6b30f1697053ae613b67ecec4c12d022e78ae563930bb
  languageName: node
  linkType: hard

"pidtree@npm:^0.3.0":
  version: 0.3.1
  resolution: "pidtree@npm:0.3.1"
  bin:
    pidtree: bin/pidtree.js
  checksum: 137391e07763a8c1e9f5a63af9283d1e3a2abbb65982ea99658c46bc015b80425a6f6d001c72cd8b711626c0bd63dc09d7537d175c01017e1b0b2161d55657f5
  languageName: node
  linkType: hard

"pify@npm:^3.0.0":
  version: 3.0.0
  resolution: "pify@npm:3.0.0"
  checksum: f541f33af19872d2b3a40427c7b065369823c9a4e7ba92a8d7102b9cc2b89983418dac2dbd272ddfbc684963c84d6cd766e033dff83545b41414dff8c3c266d7
  languageName: node
  linkType: hard

"prettier-cli@npm:^0.1.0":
  version: 0.1.0
  resolution: "prettier-cli@npm:0.1.0"
  checksum: febe7fca83a8ca4f0d5c6c43578b3f5bea4a2c21f66e2a2348ed6358bdbc8f5340e323a7ab91e0f6d6750284db0543735f260d8932ea6f84270def810a426be7
  languageName: node
  linkType: hard

"read-pkg@npm:^3.0.0":
  version: 3.0.0
  resolution: "read-pkg@npm:3.0.0"
  dependencies:
    load-json-file: ^4.0.0
    normalize-package-data: ^2.3.2
    path-type: ^3.0.0
  checksum: 355d7dfd1e3dc21b48b78366c3f7c93878c12f82fe337ce88b0392034b309ced3c98c60cf1f7499dc003a203df1dd61ce3b7613fe18a98330a59e759c3393c4a
  languageName: node
  linkType: hard

resolve@^1.10.0:
  version: 1.17.0
  resolution: "resolve@npm:1.17.0"
  dependencies:
    path-parse: ^1.0.6
  checksum: 496d12617782b309d5c6b0d751325c309686da14ecac42687a3f9f98e0130a5b004c3a9a8246ffff6d9faaad12a2516b47d886f2bc3de3eee51bf7a21262107e
  languageName: node
  linkType: hard

"resolve@patch:resolve@^1.10.0#builtin<compat/resolve>":
  version: 1.17.0
  resolution: "resolve@patch:resolve@npm%3A1.17.0#builtin<compat/resolve>::version=1.17.0&hash=8fccd0"
  dependencies:
    path-parse: ^1.0.6
  checksum: 88c57a90be3c6fdf578cbc49f867a53351fbf7ad1d5e3cc8923a731faaf17699925bff6a1c9b68d8cd1259a2dcb79cb55ae77703cee6d6b0ba10a8c7b7890000
  languageName: node
  linkType: hard

"semver@npm:2 || 3 || 4 || 5, semver@npm:^5.5.0":
  version: 5.7.1
  resolution: "semver@npm:5.7.1"
  bin:
    semver: ./bin/semver
  checksum: dce4680e58a60e12fd7ec1f274635267206e466eaca54e3238f7c49baf33ba07aae8fe8f002a0cf6ec3e8c6f1ccbf158e8f59acc89c1777063e93eb239fe8b76
  languageName: node
  linkType: hard

"shebang-command@npm:^1.2.0":
  version: 1.2.0
  resolution: "shebang-command@npm:1.2.0"
  dependencies:
    shebang-regex: ^1.0.0
  checksum: 3d830f3ad0c796f671ad3a8a0ed9ac75a52b21a2f0cfc1e0675fb4d0530e332b10a3b0171f63ef6a2efa14dd7f92a3d03c49927afc9b3529830628671fade78a
  languageName: node
  linkType: hard

"shebang-regex@npm:^1.0.0":
  version: 1.0.0
  resolution: "shebang-regex@npm:1.0.0"
  checksum: fba9381f369e3e5e30e4e1353164243575a82f9b4b0010fc43dab33e7341d86032f9fdc6aa2d122f0737fce69a3c6544c295d9787aa4d522bc24ac1fcaac69d6
  languageName: node
  linkType: hard

"shell-quote@npm:^1.6.1":
  version: 1.7.2
  resolution: "shell-quote@npm:1.7.2"
  checksum: 292670c36cfff2648054318cb802b719d93e9a17c13276e58e7834cfc0f1bc6eda9aaecea4d42024e9dd27113f638af3e9ba641f0bc73bb16dd611cc2cd47f03
  languageName: node
  linkType: hard

"spdx-correct@npm:^3.0.0":
  version: 3.1.1
  resolution: "spdx-correct@npm:3.1.1"
  dependencies:
    spdx-expression-parse: ^3.0.0
    spdx-license-ids: ^3.0.0
  checksum: e0fe4fc519d39895b7995f0bd0c35023e5e32468fc6a61169675b6952138271c49e393414809a55af85b69135933dc8269d2e1083a7944c6944624649d32018b
  languageName: node
  linkType: hard

"spdx-exceptions@npm:^2.1.0":
  version: 2.3.0
  resolution: "spdx-exceptions@npm:2.3.0"
  checksum: e6c3df91207c0660f3209802c942cf61abad3a739b0af0da9ed60410d0a0ee23cd0881ce26727150cb9899bd41256e90363f95f0ac543407fe1a1b486e00a732
  languageName: node
  linkType: hard

"spdx-expression-parse@npm:^3.0.0":
  version: 3.0.1
  resolution: "spdx-expression-parse@npm:3.0.1"
  dependencies:
    spdx-exceptions: ^2.1.0
    spdx-license-ids: ^3.0.0
  checksum: 8861a37eaac89bf1cfd1a3681405ebdd51bc25b8d8a786cade1e55e97e32d3247c423630cda19f0e94b48b855e85b387a529c313778ec03ec1d7066362daa0df
  languageName: node
  linkType: hard

"spdx-license-ids@npm:^3.0.0":
  version: 3.0.5
  resolution: "spdx-license-ids@npm:3.0.5"
  checksum: 604019ab88d3f1f024f9a51b89e9d11c1cb67d53dc4059811c73fb20f7457f5ecd1bc529dbcef0bbc684acc4f6ed926adcfe05560d53b20e7839b6c2afbd7b75
  languageName: node
  linkType: hard

"string.prototype.padend@npm:^3.0.0":
  version: 3.1.0
  resolution: "string.prototype.padend@npm:3.1.0"
  dependencies:
    define-properties: ^1.1.3
    es-abstract: ^1.17.0-next.1
  checksum: b995e608c8580e148c80c3cff89a56be6e1a7b0361fc4df3fc74e1fd0bdec1e6114f1cbe256b1d301dfe875030baad5884d916927304ae34f7791cdae1152705
  languageName: node
  linkType: hard

"string.prototype.trimend@npm:^1.0.0":
  version: 1.0.1
  resolution: "string.prototype.trimend@npm:1.0.1"
  dependencies:
    define-properties: ^1.1.3
    es-abstract: ^1.17.5
  checksum: 42accdc9b3ea84b8b130a6a02b211b2e905d95148c4df6b92c2e9c4dce64e08eaa774b5ae88eaff0e000e58ddef07eb3e2924e23364c120d61c7deadf4b0c92c
  languageName: node
  linkType: hard

"string.prototype.trimleft@npm:^2.1.1":
  version: 2.1.2
  resolution: "string.prototype.trimleft@npm:2.1.2"
  dependencies:
    define-properties: ^1.1.3
    es-abstract: ^1.17.5
    string.prototype.trimstart: ^1.0.0
  checksum: fec71c63dfa4de71e7dc4a281396f859e04c240e6f77f70c35f11353c86eb8830874a14121101cbef48280166f3a0985725e9910797619a45b0752cfa2734211
  languageName: node
  linkType: hard

"string.prototype.trimright@npm:^2.1.1":
  version: 2.1.2
  resolution: "string.prototype.trimright@npm:2.1.2"
  dependencies:
    define-properties: ^1.1.3
    es-abstract: ^1.17.5
    string.prototype.trimend: ^1.0.0
  checksum: 0c3686bd4e4d2c0d33da40b29c6160ed1382a125520944a99491b8d42cf113e02b28a18eafedd87699614b35ec0dd24a1905b0bc4cd7c2d7f19e8a463a3ab5c2
  languageName: node
  linkType: hard

"string.prototype.trimstart@npm:^1.0.0":
  version: 1.0.1
  resolution: "string.prototype.trimstart@npm:1.0.1"
  dependencies:
    define-properties: ^1.1.3
    es-abstract: ^1.17.5
  checksum: c35aa8fe24900996e05605e29630335f5363b708111f1ac7972800c183700c879d57ef9522e4afc8570f656ee81396568a38effa1b0a0e975076651ac46ec3ca
  languageName: node
  linkType: hard

"strip-bom@npm:^3.0.0":
  version: 3.0.0
  resolution: "strip-bom@npm:3.0.0"
  checksum: 653e50f7027ab2d8282ead86ad83a4efc7f01070a2573807c0aa15a3f9e8d31362289a5d2ad6275ec654fa56dcb80e2da688268611415fa0b2d1dd609f88e67e
  languageName: node
  linkType: hard

"supports-color@npm:^5.3.0":
  version: 5.5.0
  resolution: "supports-color@npm:5.5.0"
  dependencies:
    has-flag: ^3.0.0
  checksum: a67b9f6071d9b1aa9f7744292580af0ad2210e379534f7e2ab31d3248de5efc8a3555655827bf524f18043f6301061fbe59e13d2e8a9bc11cde4ec885ad3d86c
  languageName: node
  linkType: hard

"validate-npm-package-license@npm:^3.0.1":
  version: 3.0.4
  resolution: "validate-npm-package-license@npm:3.0.4"
  dependencies:
    spdx-correct: ^3.0.0
    spdx-expression-parse: ^3.0.0
  checksum: 4c0974ce2c60838ec5e0c1c338c4c691b5d2baae1ed7e137784f1686a1387c0fc66c6f03bf339742a9047626cb6b5fe529a06b7b7dd04275458036b06b6a844e
  languageName: node
  linkType: hard

"web-stack@workspace:.":
  version: 0.0.0-use.local
  resolution: "web-stack@workspace:."
  dependencies:
    npm-run-all: ^4.1.5
    prettier-cli: ^0.1.0
  languageName: unknown
  linkType: soft

"which@npm:^1.2.9":
  version: 1.3.1
  resolution: "which@npm:1.3.1"
  dependencies:
    isexe: ^2.0.0
  bin:
    which: ./bin/which
  checksum: 8c639095289e694cbce93f17662e56f740ceafb8d73cdccf0d2b2968df0e8b9c8ddf16f44711d1d5a5efe4d2091cb3ca06d1afa2db359df48588a71a4b60d0c6
  languageName: node
  linkType: hard
